
Microsoft Visual Studio Solution File, Format Version 12.00
# Visual Studio Version 17
VisualStudioVersion = 17.5.002.0
MinimumVisualStudioVersion = 10.0.40219.1
Project("{9A19103F-16F7-4668-BE54-9A1E7A4F7556}") = "SimpleFacebook", "SimpleFacebook.csproj", "{5C598BAD-2761-46E9-ACAB-CBE87D4B2C54}"
EndProject
Project("{FAE04EC0-301F-11D3-BF4B-00C04F79EFBC}") = "HelloWorld", "..\..\HelloWorld\HelloWorld.csproj", "{7DC86B14-273D-4ED5-9103-471732EA9D4D}"
EndProject
Project("{FAE04EC0-301F-11D3-BF4B-00C04F79EFBC}") = "WebApplicationSample", "..\..\WebApplicationSample\WebApplicationSample.csproj", "{9584B79A-5D7C-4C4D-90B8-DC5C774761FF}"
EndProject
Project("{FAE04EC0-301F-11D3-BF4B-00C04F79EFBC}") = "asdfas", "..\..\asdfas\asdfas.csproj", "{04B8AB58-B84E-4346-A798-3BFDAF0845EA}"
EndProject
Global
	GlobalSection(SolutionConfigurationPlatforms) = preSolution
		Debug|Any CPU = Debug|Any CPU
		Release|Any CPU = Release|Any CPU
	EndGlobalSection
	GlobalSection(ProjectConfigurationPlatforms) = postSolution
		{5C598BAD-2761-46E9-ACAB-CBE87D4B2C54}.Debug|Any CPU.ActiveCfg = Debug|Any CPU
		{5C598BAD-2761-46E9-ACAB-CBE87D4B2C54}.Debug|Any CPU.Build.0 = Debug|Any CPU
		{5C598BAD-2761-46E9-ACAB-CBE87D4B2C54}.Release|Any CPU.ActiveCfg = Release|Any CPU
		{5C598BAD-2761-46E9-ACAB-CBE87D4B2C54}.Release|Any CPU.Build.0 = Release|Any CPU
		{7DC86B14-273D-4ED5-9103-471732EA9D4D}.Debug|Any CPU.ActiveCfg = Debug|Any CPU
		{7DC86B14-273D-4ED5-9103-471732EA9D4D}.Debug|Any CPU.Build.0 = Debug|Any CPU
		{7DC86B14-273D-4ED5-9103-471732EA9D4D}.Release|Any CPU.ActiveCfg = Release|Any CPU
		{7DC86B14-273D-4ED5-9103-471732EA9D4D}.Release|Any CPU.Build.0 = Release|Any CPU
		{9584B79A-5D7C-4C4D-90B8-DC5C774761FF}.Debug|Any CPU.ActiveCfg = Debug|Any CPU
		{9584B79A-5D7C-4C4D-90B8-DC5C774761FF}.Debug|Any CPU.Build.0 = Debug|Any CPU
		{9584B79A-5D7C-4C4D-90B8-DC5C774761FF}.Release|Any CPU.ActiveCfg = Release|Any CPU
		{9584B79A-5D7C-4C4D-90B8-DC5C774761FF}.Release|Any CPU.Build.0 = Release|Any CPU
		{04B8AB58-B84E-4346-A798-3BFDAF0845EA}.Debug|Any CPU.ActiveCfg = Debug|Any CPU
		{04B8AB58-B84E-4346-A798-3BFDAF0845EA}.Debug|Any CPU.Build.0 = Debug|Any CPU
		{04B8AB58-B84E-4346-A798-3BFDAF0845EA}.Release|Any CPU.ActiveCfg = Release|Any CPU
		{04B8AB58-B84E-4346-A798-3BFDAF0845EA}.Release|Any CPU.Build.0 = Release|Any CPU
	EndGlobalSection
	GlobalSection(SolutionProperties) = preSolution
		HideSolutionNode = FALSE
	EndGlobalSection
	GlobalSection(ExtensibilityGlobals) = postSolution
		SolutionGuid = {207F2D4C-B2E8-45BE-8AF2-26B61B5CE3BD}
	EndGlobalSection
EndGlobal
